
Microsoft Visual Studio Solution File, Format Version 12.00
# Visual Studio Version 17
VisualStudioVersion = 17.13.35818.85 d17.13
MinimumVisualStudioVersion = 10.0.40219.1
Project("{FAE04EC0-301F-11D3-BF4B-00C04F79EFBC}") = "CH7", "CH7\CH7.csproj", "{0FDF834D-F1C6-410C-A09E-4396239B1C03}"
EndProject
Global
	GlobalSection(SolutionConfigurationPlatforms) = preSolution
		Debug|Any CPU = Debug|Any CPU
		Release|Any CPU = Release|Any CPU
	EndGlobalSection
	GlobalSection(ProjectConfigurationPlatforms) = postSolution
		{0FDF834D-F1C6-410C-A09E-4396239B1C03}.Debug|Any CPU.ActiveCfg = Debug|Any CPU
		{0FDF834D-F1C6-410C-A09E-4396239B1C03}.Debug|Any CPU.Build.0 = Debug|Any CPU
		{0FDF834D-F1C6-410C-A09E-4396239B1C03}.Release|Any CPU.ActiveCfg = Release|Any CPU
		{0FDF834D-F1C6-410C-A09E-4396239B1C03}.Release|Any CPU.Build.0 = Release|Any CPU
	EndGlobalSection
	GlobalSection(SolutionProperties) = preSolution
		HideSolutionNode = FALSE
	EndGlobalSection
	GlobalSection(ExtensibilityGlobals) = postSolution
		SolutionGuid = {A3473406-D1C2-4E77-880F-1CC3CA1928F4}
	EndGlobalSection
EndGlobal
