
Microsoft Visual Studio Solution File, Format Version 12.00
# Visual Studio Version 17
VisualStudioVersion = 17.13.35818.85 d17.13
MinimumVisualStudioVersion = 10.0.40219.1
Project("{FAE04EC0-301F-11D3-BF4B-00C04F79EFBC}") = "CH6", "CH6\CH6.csproj", "{983AD750-540D-419E-B455-CEE511F2AF2F}"
EndProject
Global
	GlobalSection(SolutionConfigurationPlatforms) = preSolution
		Debug|Any CPU = Debug|Any CPU
		Release|Any CPU = Release|Any CPU
	EndGlobalSection
	GlobalSection(ProjectConfigurationPlatforms) = postSolution
		{983AD750-540D-419E-B455-CEE511F2AF2F}.Debug|Any CPU.ActiveCfg = Debug|Any CPU
		{983AD750-540D-419E-B455-CEE511F2AF2F}.Debug|Any CPU.Build.0 = Debug|Any CPU
		{983AD750-540D-419E-B455-CEE511F2AF2F}.Release|Any CPU.ActiveCfg = Release|Any CPU
		{983AD750-540D-419E-B455-CEE511F2AF2F}.Release|Any CPU.Build.0 = Release|Any CPU
	EndGlobalSection
	GlobalSection(SolutionProperties) = preSolution
		HideSolutionNode = FALSE
	EndGlobalSection
	GlobalSection(ExtensibilityGlobals) = postSolution
		SolutionGuid = {54DDB166-B42E-4434-8050-337BB21DF835}
	EndGlobalSection
EndGlobal
